{"1.1.0",
[{<<"datum">>,{pkg,<<"datum">>,<<"4.2.0">>},0},
 {<<"feta">>,
  {git,"https://github.com/fogfish/feta",
       {ref,"13a4e7d7b1aa7d857ecc218077afac785346aff9"}},
  0},
 {<<"jsx">>,{pkg,<<"jsx">>,<<"2.9.0">>},0}]}.
[
{pkg_hash,[
 {<<"datum">>, <<"13354CDA48E54E12A2160632EF7270452E3147C8F17A4AE4BED106E55F146478">>},
 {<<"jsx">>, <<"D2F6E5F069C00266CAD52FB15D87C428579EA4D7D73A33669E12679E203329DD">>}]}
].
